
Microsoft Visual Studio Solution File, Format Version 12.00
# Visual Studio 2012
Project("{8BC9CEB8-8B4A-11D0-8D11-00A0C91BC942}") = "4.16 triangle printing", "4.16 triangle printing\4.16 triangle printing.vcxproj", "{6F08DDBC-3FD7-4CA0-8B5F-563A9774EEB6}"
EndProject
Global
	GlobalSection(SolutionConfigurationPlatforms) = preSolution
		Debug|Win32 = Debug|Win32
		Release|Win32 = Release|Win32
	EndGlobalSection
	GlobalSection(ProjectConfigurationPlatforms) = postSolution
		{6F08DDBC-3FD7-4CA0-8B5F-563A9774EEB6}.Debug|Win32.ActiveCfg = Debug|Win32
		{6F08DDBC-3FD7-4CA0-8B5F-563A9774EEB6}.Debug|Win32.Build.0 = Debug|Win32
		{6F08DDBC-3FD7-4CA0-8B5F-563A9774EEB6}.Release|Win32.ActiveCfg = Release|Win32
		{6F08DDBC-3FD7-4CA0-8B5F-563A9774EEB6}.Release|Win32.Build.0 = Release|Win32
	EndGlobalSection
	GlobalSection(SolutionProperties) = preSolution
		HideSolutionNode = FALSE
	EndGlobalSection
EndGlobal
