
Microsoft Visual Studio Solution File, Format Version 12.00
# Visual Studio 2012
Project("{8BC9CEB8-8B4A-11D0-8D11-00A0C91BC942}") = "counting 7's", "counting 7's\counting 7's.vcxproj", "{FD2846A5-85AE-48D7-A2BC-7244F69DC03D}"
EndProject
Global
	GlobalSection(SolutionConfigurationPlatforms) = preSolution
		Debug|Win32 = Debug|Win32
		Release|Win32 = Release|Win32
	EndGlobalSection
	GlobalSection(ProjectConfigurationPlatforms) = postSolution
		{FD2846A5-85AE-48D7-A2BC-7244F69DC03D}.Debug|Win32.ActiveCfg = Debug|Win32
		{FD2846A5-85AE-48D7-A2BC-7244F69DC03D}.Debug|Win32.Build.0 = Debug|Win32
		{FD2846A5-85AE-48D7-A2BC-7244F69DC03D}.Release|Win32.ActiveCfg = Release|Win32
		{FD2846A5-85AE-48D7-A2BC-7244F69DC03D}.Release|Win32.Build.0 = Release|Win32
	EndGlobalSection
	GlobalSection(SolutionProperties) = preSolution
		HideSolutionNode = FALSE
	EndGlobalSection
EndGlobal
