
Microsoft Visual Studio Solution File, Format Version 12.00
# Visual Studio 2012
Project("{8BC9CEB8-8B4A-11D0-8D11-00A0C91BC942}") = "6.36 real", "6.36 real\6.36 real.vcxproj", "{4188834F-6788-4483-BF6F-A3C3B5CA0B5F}"
EndProject
Global
	GlobalSection(SolutionConfigurationPlatforms) = preSolution
		Debug|Win32 = Debug|Win32
		Release|Win32 = Release|Win32
	EndGlobalSection
	GlobalSection(ProjectConfigurationPlatforms) = postSolution
		{4188834F-6788-4483-BF6F-A3C3B5CA0B5F}.Debug|Win32.ActiveCfg = Debug|Win32
		{4188834F-6788-4483-BF6F-A3C3B5CA0B5F}.Debug|Win32.Build.0 = Debug|Win32
		{4188834F-6788-4483-BF6F-A3C3B5CA0B5F}.Release|Win32.ActiveCfg = Release|Win32
		{4188834F-6788-4483-BF6F-A3C3B5CA0B5F}.Release|Win32.Build.0 = Release|Win32
	EndGlobalSection
	GlobalSection(SolutionProperties) = preSolution
		HideSolutionNode = FALSE
	EndGlobalSection
EndGlobal
