
Microsoft Visual Studio Solution File, Format Version 12.00
# Visual Studio 2012
Project("{8BC9CEB8-8B4A-11D0-8D11-00A0C91BC942}") = "4.31 diamond printing", "4.31 diamond printing\4.31 diamond printing.vcxproj", "{8782E97F-5CE8-4ACE-AF4D-457374F33E68}"
EndProject
Global
	GlobalSection(SolutionConfigurationPlatforms) = preSolution
		Debug|Win32 = Debug|Win32
		Release|Win32 = Release|Win32
	EndGlobalSection
	GlobalSection(ProjectConfigurationPlatforms) = postSolution
		{8782E97F-5CE8-4ACE-AF4D-457374F33E68}.Debug|Win32.ActiveCfg = Debug|Win32
		{8782E97F-5CE8-4ACE-AF4D-457374F33E68}.Debug|Win32.Build.0 = Debug|Win32
		{8782E97F-5CE8-4ACE-AF4D-457374F33E68}.Release|Win32.ActiveCfg = Release|Win32
		{8782E97F-5CE8-4ACE-AF4D-457374F33E68}.Release|Win32.Build.0 = Release|Win32
	EndGlobalSection
	GlobalSection(SolutionProperties) = preSolution
		HideSolutionNode = FALSE
	EndGlobalSection
EndGlobal
